
Microsoft Visual Studio Solution File, Format Version 12.00
# Visual Studio 15
VisualStudioVersion = 15.0.26228.9
MinimumVisualStudioVersion = 10.0.40219.1
Project("{FAE04EC0-301F-11D3-BF4B-00C04F79EFBC}") = "AEBSystem.Core", "AEBSystem.Core\AEBSystem.Core.csproj", "{03C4ED61-A2C6-4419-A652-59F98169E926}"
EndProject
Project("{FAE04EC0-301F-11D3-BF4B-00C04F79EFBC}") = "AEBSystem.Services", "AEBSystem.Services\AEBSystem.Services.csproj", "{4565C543-76AC-4675-B364-F903AE9A552B}"
EndProject
Project("{FAE04EC0-301F-11D3-BF4B-00C04F79EFBC}") = "AEBSystem.DataAccess.SQL", "AEBSystem.DataAccess.SQL\AEBSystem.DataAccess.SQL.csproj", "{3A68D956-81F1-48D6-B387-46E45E275167}"
EndProject
Project("{FAE04EC0-301F-11D3-BF4B-00C04F79EFBC}") = "AEBSystem.DataAccess.InMemory", "AEBSystem.DataAccess.InMemory\AEBSystem.DataAccess.InMemory.csproj", "{9422C187-49FF-4AA8-88B8-5E40E84F0115}"
EndProject
Project("{FAE04EC0-301F-11D3-BF4B-00C04F79EFBC}") = "AEBSystem.WebUI", "AEBSystem.WebUI\AEBSystem.WebUI.csproj", "{DC824010-671A-4551-8BE9-782816B476EA}"
EndProject
Project("{FAE04EC0-301F-11D3-BF4B-00C04F79EFBC}") = "AEBSystem.WebUI.Tests", "AEBSystem.WebUI.Tests\AEBSystem.WebUI.Tests.csproj", "{39984F04-48E4-468E-92E5-B9E75ED40E96}"
EndProject
Global
	GlobalSection(SolutionConfigurationPlatforms) = preSolution
		Debug|Any CPU = Debug|Any CPU
		Release|Any CPU = Release|Any CPU
	EndGlobalSection
	GlobalSection(ProjectConfigurationPlatforms) = postSolution
		{03C4ED61-A2C6-4419-A652-59F98169E926}.Debug|Any CPU.ActiveCfg = Debug|Any CPU
		{03C4ED61-A2C6-4419-A652-59F98169E926}.Debug|Any CPU.Build.0 = Debug|Any CPU
		{03C4ED61-A2C6-4419-A652-59F98169E926}.Release|Any CPU.ActiveCfg = Release|Any CPU
		{03C4ED61-A2C6-4419-A652-59F98169E926}.Release|Any CPU.Build.0 = Release|Any CPU
		{4565C543-76AC-4675-B364-F903AE9A552B}.Debug|Any CPU.ActiveCfg = Debug|Any CPU
		{4565C543-76AC-4675-B364-F903AE9A552B}.Debug|Any CPU.Build.0 = Debug|Any CPU
		{4565C543-76AC-4675-B364-F903AE9A552B}.Release|Any CPU.ActiveCfg = Release|Any CPU
		{4565C543-76AC-4675-B364-F903AE9A552B}.Release|Any CPU.Build.0 = Release|Any CPU
		{3A68D956-81F1-48D6-B387-46E45E275167}.Debug|Any CPU.ActiveCfg = Debug|Any CPU
		{3A68D956-81F1-48D6-B387-46E45E275167}.Debug|Any CPU.Build.0 = Debug|Any CPU
		{3A68D956-81F1-48D6-B387-46E45E275167}.Release|Any CPU.ActiveCfg = Release|Any CPU
		{3A68D956-81F1-48D6-B387-46E45E275167}.Release|Any CPU.Build.0 = Release|Any CPU
		{9422C187-49FF-4AA8-88B8-5E40E84F0115}.Debug|Any CPU.ActiveCfg = Debug|Any CPU
		{9422C187-49FF-4AA8-88B8-5E40E84F0115}.Debug|Any CPU.Build.0 = Debug|Any CPU
		{9422C187-49FF-4AA8-88B8-5E40E84F0115}.Release|Any CPU.ActiveCfg = Release|Any CPU
		{9422C187-49FF-4AA8-88B8-5E40E84F0115}.Release|Any CPU.Build.0 = Release|Any CPU
		{DC824010-671A-4551-8BE9-782816B476EA}.Debug|Any CPU.ActiveCfg = Debug|Any CPU
		{DC824010-671A-4551-8BE9-782816B476EA}.Debug|Any CPU.Build.0 = Debug|Any CPU
		{DC824010-671A-4551-8BE9-782816B476EA}.Release|Any CPU.ActiveCfg = Release|Any CPU
		{DC824010-671A-4551-8BE9-782816B476EA}.Release|Any CPU.Build.0 = Release|Any CPU
		{39984F04-48E4-468E-92E5-B9E75ED40E96}.Debug|Any CPU.ActiveCfg = Debug|Any CPU
		{39984F04-48E4-468E-92E5-B9E75ED40E96}.Debug|Any CPU.Build.0 = Debug|Any CPU
		{39984F04-48E4-468E-92E5-B9E75ED40E96}.Release|Any CPU.ActiveCfg = Release|Any CPU
		{39984F04-48E4-468E-92E5-B9E75ED40E96}.Release|Any CPU.Build.0 = Release|Any CPU
	EndGlobalSection
	GlobalSection(SolutionProperties) = preSolution
		HideSolutionNode = FALSE
	EndGlobalSection
EndGlobal
